
Microsoft Visual Studio Solution File, Format Version 12.00
# Visual Studio 15
VisualStudioVersion = 15.0.28307.168
MinimumVisualStudioVersion = 10.0.40219.1
Project("{FAE04EC0-301F-11D3-BF4B-00C04F79EFBC}") = "Web", "Web\Web.csproj", "{824C7798-D25F-4D17-9D8F-AB1DB564A54C}"
EndProject
Global
	GlobalSection(SolutionConfigurationPlatforms) = preSolution
		Debug|Any CPU = Debug|Any CPU
		Release|Any CPU = Release|Any CPU
	EndGlobalSection
	GlobalSection(ProjectConfigurationPlatforms) = postSolution
		{824C7798-D25F-4D17-9D8F-AB1DB564A54C}.Debug|Any CPU.ActiveCfg = Debug|Any CPU
		{824C7798-D25F-4D17-9D8F-AB1DB564A54C}.Debug|Any CPU.Build.0 = Debug|Any CPU
		{824C7798-D25F-4D17-9D8F-AB1DB564A54C}.Release|Any CPU.ActiveCfg = Release|Any CPU
		{824C7798-D25F-4D17-9D8F-AB1DB564A54C}.Release|Any CPU.Build.0 = Release|Any CPU
	EndGlobalSection
	GlobalSection(SolutionProperties) = preSolution
		HideSolutionNode = FALSE
	EndGlobalSection
	GlobalSection(ExtensibilityGlobals) = postSolution
		SolutionGuid = {F8F46245-2480-4143-894B-61ED32CC35AC}
	EndGlobalSection
EndGlobal
